
Microsoft Visual Studio Solution File, Format Version 12.00
# Visual Studio Version 17
VisualStudioVersion = 17.4.33103.184
MinimumVisualStudioVersion = 10.0.40219.1
Project("{FAE04EC0-301F-11D3-BF4B-00C04F79EFBC}") = "LEonardClient", "LEonardClient.csproj", "{0AABD7BC-7F11-4754-8111-8BD23D9517D0}"
EndProject
Global
	GlobalSection(SolutionConfigurationPlatforms) = preSolution
		Debug|Any CPU = Debug|Any CPU
		Release|Any CPU = Release|Any CPU
	EndGlobalSection
	GlobalSection(ProjectConfigurationPlatforms) = postSolution
		{0AABD7BC-7F11-4754-8111-8BD23D9517D0}.Debug|Any CPU.ActiveCfg = Debug|Any CPU
		{0AABD7BC-7F11-4754-8111-8BD23D9517D0}.Debug|Any CPU.Build.0 = Debug|Any CPU
		{0AABD7BC-7F11-4754-8111-8BD23D9517D0}.Release|Any CPU.ActiveCfg = Release|Any CPU
		{0AABD7BC-7F11-4754-8111-8BD23D9517D0}.Release|Any CPU.Build.0 = Release|Any CPU
	EndGlobalSection
	GlobalSection(SolutionProperties) = preSolution
		HideSolutionNode = FALSE
	EndGlobalSection
	GlobalSection(ExtensibilityGlobals) = postSolution
		SolutionGuid = {7CA65EB8-5497-4324-8478-BB7BC512CF4C}
	EndGlobalSection
EndGlobal
